Microsoft Visual Studio Solution File, Format Version 11.00
# Visual Studio 2008

Project("{00CAC3FE-4F30-DF19-F782-C8F1805B9810}") = "3DGamePart2", "Assembly-CSharp-firstpass.csproj", "{BF82C153-EF24-16EE-5D34-7D37D3DA80D2}"
EndProject
Project("{00CAC3FE-4F30-DF19-F782-C8F1805B9810}") = "3DGamePart2", "Assembly-CSharp.csproj", "{937106FA-CE6F-69FD-6011-B56894BEAB3E}"
EndProject
Project("{00CAC3FE-4F30-DF19-F782-C8F1805B9810}") = "3DGamePart2", "Assembly-CSharp-Editor.csproj", "{7533E080-A9BA-CA7C-2270-FA7F8A9E30F8}"
EndProject
Global
	GlobalSection(SolutionConfigurationPlatforms) = preSolution
		Debug|Any CPU = Debug|Any CPU
		Release|Any CPU = Release|Any CPU
	EndGlobalSection
	GlobalSection(ProjectConfigurationPlatforms) = postSolution
		{BF82C153-EF24-16EE-5D34-7D37D3DA80D2}.Debug|Any CPU.ActiveCfg = Debug|Any CPU
		{BF82C153-EF24-16EE-5D34-7D37D3DA80D2}.Debug|Any CPU.Build.0 = Debug|Any CPU
		{BF82C153-EF24-16EE-5D34-7D37D3DA80D2}.Release|Any CPU.ActiveCfg = Release|Any CPU
		{BF82C153-EF24-16EE-5D34-7D37D3DA80D2}.Release|Any CPU.Build.0 = Release|Any CPU
		{937106FA-CE6F-69FD-6011-B56894BEAB3E}.Debug|Any CPU.ActiveCfg = Debug|Any CPU
		{937106FA-CE6F-69FD-6011-B56894BEAB3E}.Debug|Any CPU.Build.0 = Debug|Any CPU
		{937106FA-CE6F-69FD-6011-B56894BEAB3E}.Release|Any CPU.ActiveCfg = Release|Any CPU
		{937106FA-CE6F-69FD-6011-B56894BEAB3E}.Release|Any CPU.Build.0 = Release|Any CPU
		{7533E080-A9BA-CA7C-2270-FA7F8A9E30F8}.Debug|Any CPU.ActiveCfg = Debug|Any CPU
		{7533E080-A9BA-CA7C-2270-FA7F8A9E30F8}.Debug|Any CPU.Build.0 = Debug|Any CPU
		{7533E080-A9BA-CA7C-2270-FA7F8A9E30F8}.Release|Any CPU.ActiveCfg = Release|Any CPU
		{7533E080-A9BA-CA7C-2270-FA7F8A9E30F8}.Release|Any CPU.Build.0 = Release|Any CPU
	EndGlobalSection
	GlobalSection(SolutionProperties) = preSolution
		HideSolutionNode = FALSE
	EndGlobalSection
	GlobalSection(MonoDevelopProperties) = preSolution
		StartupItem = Assembly-CSharp.csproj
	EndGlobalSection
EndGlobal
